{
  "name": "prettierrun",
  "version": "1.0.0",
  "lockfileVersion": 1,
  "requires": true,
  "dependencies": {
    "@types/node": {
      "version": "10.9.4",
      "resolved": "http://avignon.gmc.net:10004/@types%2fnode/-/node-10.9.4.tgz",
      "integrity": "sha512-fCHV45gS+m3hH17zgkgADUSi2RR1Vht6wOZ0jyHP8rjiQra9f+mIcgwPQHllmDocYOstIEbKlxbFDYlgrTPYqw=="
    },
    "@types/prettier": {
      "version": "1.13.2",
      "resolved": "http://avignon.gmc.net:10004/@types%2fprettier/-/prettier-1.13.2.tgz",
      "integrity": "sha512-k6MCN8WuDiCj6O+UJsVMbrreZxkbrhQbO02oDj6yuRu8UAkp0MDdEcDKif8/gBKuJbT84kkO+VHQAqXkumEklg==",
      "dev": true
    },
    "prettier": {
      "version": "1.14.2",
      "resolved": "http://avignon.gmc.net:10004/prettier/-/prettier-1.14.2.tgz",
      "integrity": "sha512-McHPg0n1pIke+A/4VcaS2en+pTNjy4xF+Uuq86u/5dyDO59/TtFZtQ708QIRkEZ3qwKz3GVkVa6mpxK/CpB8Rg=="
    },
    "typescript": {
      "version": "3.0.3",
      "resolved": "http://avignon.gmc.net:10004/typescript/-/typescript-3.0.3.tgz",
      "integrity": "sha512-kk80vLW9iGtjMnIv11qyxLqZm20UklzuR2tL0QAnDIygIUIemcZMxlMWudl9OOt76H3ntVzcTiddQ1/pAAJMYg=="
    }
  }
}
